// !$*UTF8*$!
{
	archiveVersion = 1;
	classes = {
	};
	objectVersion = 46;
	objects = {

/* Begin PBXBuildFile section */
		AA5A0D9A1DB877CC00D42A87 /* rotation.json in Resources */ = {isa = PBXBuildFile; fileRef = AA5A0D991DB877CC00D42A87 /* rotation.json */; };
		AA9764761DB5CE8300EDE779 /* AppDelegate.swift in Sources */ = {isa = PBXBuildFile; fileRef = AA9764751DB5CE8300EDE779 /* AppDelegate.swift */; };
		AA9764781DB5CE8300EDE779 /* ViewController.swift in Sources */ = {isa = PBXBuildFile; fileRef = AA9764771DB5CE8300EDE779 /* ViewController.swift */; };
		AA97647B1DB5CE8300EDE779 /* Main.storyboard in Resources */ = {isa = PBXBuildFile; fileRef = AA9764791DB5CE8300EDE779 /* Main.storyboard */; };
		AA97647D1DB5CE8300EDE779 /* Assets.xcassets in Resources */ = {isa = PBXBuildFile; fileRef = AA97647C1DB5CE8300EDE779 /* Assets.xcassets */; };
		AA9764801DB5CE8400EDE779 /* LaunchScreen.storyboard in Resources */ = {isa = PBXBuildFile; fileRef = AA97647E1DB5CE8400EDE779 /* LaunchScreen.storyboard */; };
		AA9764881DB5CEA100EDE779 /* Cal.swift in Sources */ = {isa = PBXBuildFile; fileRef = AA9764871DB5CEA100EDE779 /* Cal.swift */; };
		AA9764901DB5CEC400EDE779 /* UPCarouselFlowLayout.swift in Sources */ = {isa = PBXBuildFile; fileRef = AA97648F1DB5CEC400EDE779 /* UPCarouselFlowLayout.swift */; };
		AA9964571DB5DE2600816855 /* ClassTableViewCell.swift in Sources */ = {isa = PBXBuildFile; fileRef = AA9964561DB5DE2600816855 /* ClassTableViewCell.swift */; };
		AA9964591DB5E15200816855 /* DateCollectionViewCell.swift in Sources */ = {isa = PBXBuildFile; fileRef = AA9964581DB5E15200816855 /* DateCollectionViewCell.swift */; };
/* End PBXBuildFile section */

/* Begin PBXFileReference section */
		AA5A0D991DB877CC00D42A87 /* rotation.json */ = {isa = PBXFileReference; fileEncoding = 4; lastKnownFileType = text.json; path = rotation.json; sourceTree = "<group>"; };
		AA9764721DB5CE8300EDE779 /* SchoolDay.app */ = {isa = PBXFileReference; explicitFileType = wrapper.application; includeInIndex = 0; path = SchoolDay.app; sourceTree = BUILT_PRODUCTS_DIR; };
		AA9764751DB5CE8300EDE779 /* AppDelegate.swift */ = {isa = PBXFileReference; lastKnownFileType = sourcecode.swift; path = AppDelegate.swift; sourceTree = "<group>"; };
		AA9764771DB5CE8300EDE779 /* ViewController.swift */ = {isa = PBXFileReference; lastKnownFileType = sourcecode.swift; path = ViewController.swift; sourceTree = "<group>"; };
		AA97647A1DB5CE8300EDE779 /* Base */ = {isa = PBXFileReference; lastKnownFileType = file.storyboard; name = Base; path = Base.lproj/Main.storyboard; sourceTree = "<group>"; };
		AA97647C1DB5CE8300EDE779 /* Assets.xcassets */ = {isa = PBXFileReference; lastKnownFileType = folder.assetcatalog; path = Assets.xcassets; sourceTree = "<group>"; };
		AA97647F1DB5CE8400EDE779 /* Base */ = {isa = PBXFileReference; lastKnownFileType = file.storyboard; name = Base; path = Base.lproj/LaunchScreen.storyboard; sourceTree = "<group>"; };
		AA9764811DB5CE8400EDE779 /* Info.plist */ = {isa = PBXFileReference; lastKnownFileType = text.plist.xml; path = Info.plist; sourceTree = "<group>"; };
		AA9764871DB5CEA100EDE779 /* Cal.swift */ = {isa = PBXFileReference; fileEncoding = 4; lastKnownFileType = sourcecode.swift; path = Cal.swift; sourceTree = "<group>"; };
		AA97648F1DB5CEC400EDE779 /* UPCarouselFlowLayout.swift */ = {isa = PBXFileReference; fileEncoding = 4; lastKnownFileType = sourcecode.swift; path = UPCarouselFlowLayout.swift; sourceTree = "<group>"; };
		AA9964561DB5DE2600816855 /* ClassTableViewCell.swift */ = {isa = PBXFileReference; fileEncoding = 4; lastKnownFileType = sourcecode.swift; path = ClassTableViewCell.swift; sourceTree = "<group>"; };
		AA9964581DB5E15200816855 /* DateCollectionViewCell.swift */ = {isa = PBXFileReference; fileEncoding = 4; lastKnownFileType = sourcecode.swift; path = DateCollectionViewCell.swift; sourceTree = "<group>"; };
/* End PBXFileReference section */

/* Begin PBXFrameworksBuildPhase section */
		AA97646F1DB5CE8300EDE779 /* Frameworks */ = {
			isa = PBXFrameworksBuildPhase;
			buildActionMask = 2147483647;
			files = (
			);
			runOnlyForDeploymentPostprocessing = 0;
		};
/* End PBXFrameworksBuildPhase section */

/* Begin PBXGroup section */
		AA9764691DB5CE8300EDE779 = {
			isa = PBXGroup;
			children = (
				AA9764741DB5CE8300EDE779 /* SchoolDay */,
				AA9764731DB5CE8300EDE779 /* Products */,
			);
			sourceTree = "<group>";
		};
		AA9764731DB5CE8300EDE779 /* Products */ = {
			isa = PBXGroup;
			children = (
				AA9764721DB5CE8300EDE779 /* SchoolDay.app */,
			);
			name = Products;
			sourceTree = "<group>";
		};
		AA9764741DB5CE8300EDE779 /* SchoolDay */ = {
			isa = PBXGroup;
			children = (
				AA9764931DB5CF8600EDE779 /* App */,
				AA9764941DB5CF9000EDE779 /* Model */,
				AA9764911DB5CF4C00EDE779 /* Resources */,
				AA9764921DB5CF6900EDE779 /* UI */,
			);
			path = SchoolDay;
			sourceTree = "<group>";
		};
		AA9764911DB5CF4C00EDE779 /* Resources */ = {
			isa = PBXGroup;
			children = (
				AA9764811DB5CE8400EDE779 /* Info.plist */,
				AA5A0D991DB877CC00D42A87 /* rotation.json */,
			);
			name = Resources;
			sourceTree = "<group>";
		};
		AA9764921DB5CF6900EDE779 /* UI */ = {
			isa = PBXGroup;
			children = (
				AA9764791DB5CE8300EDE779 /* Main.storyboard */,
				AA9964561DB5DE2600816855 /* ClassTableViewCell.swift */,
				AA9964581DB5E15200816855 /* DateCollectionViewCell.swift */,
				AA97648F1DB5CEC400EDE779 /* UPCarouselFlowLayout.swift */,
				AA9764771DB5CE8300EDE779 /* ViewController.swift */,
			);
			name = UI;
			sourceTree = "<group>";
		};
		AA9764931DB5CF8600EDE779 /* App */ = {
			isa = PBXGroup;
			children = (
				AA9764751DB5CE8300EDE779 /* AppDelegate.swift */,
				AA97647C1DB5CE8300EDE779 /* Assets.xcassets */,
				AA97647E1DB5CE8400EDE779 /* LaunchScreen.storyboard */,
			);
			name = App;
			sourceTree = "<group>";
		};
		AA9764941DB5CF9000EDE779 /* Model */ = {
			isa = PBXGroup;
			children = (
				AA9764871DB5CEA100EDE779 /* Cal.swift */,
			);
			name = Model;
			sourceTree = "<group>";
		};
/* End PBXGroup section */

/* Begin PBXNativeTarget section */
		AA9764711DB5CE8300EDE779 /* SchoolDay */ = {
			isa = PBXNativeTarget;
			buildConfigurationList = AA9764841DB5CE8400EDE779 /* Build configuration list for PBXNativeTarget "SchoolDay" */;
			buildPhases = (
				AA97646E1DB5CE8300EDE779 /* Sources */,
				AA97646F1DB5CE8300EDE779 /* Frameworks */,
				AA9764701DB5CE8300EDE779 /* Resources */,
			);
			buildRules = (
			);
			dependencies = (
			);
			name = SchoolDay;
			productName = SchoolDay;
			productReference = AA9764721DB5CE8300EDE779 /* SchoolDay.app */;
			productType = "com.apple.product-type.application";
		};
/* End PBXNativeTarget section */

/* Begin PBXProject section */
		AA97646A1DB5CE8300EDE779 /* Project object */ = {
			isa = PBXProject;
			attributes = {
				LastSwiftUpdateCheck = 0800;
				LastUpgradeCheck = 0800;
				ORGANIZATIONNAME = "Steve Spencer";
				TargetAttributes = {
					AA9764711DB5CE8300EDE779 = {
						CreatedOnToolsVersion = 8.0;
						DevelopmentTeam = 79C5VW8992;
						ProvisioningStyle = Automatic;
					};
				};
			};
			buildConfigurationList = AA97646D1DB5CE8300EDE779 /* Build configuration list for PBXProject "SchoolDay" */;
			compatibilityVersion = "Xcode 3.2";
			developmentRegion = English;
			hasScannedForEncodings = 0;
			knownRegions = (
				en,
				Base,
			);
			mainGroup = AA9764691DB5CE8300EDE779;
			productRefGroup = AA9764731DB5CE8300EDE779 /* Products */;
			projectDirPath = "";
			projectRoot = "";
			targets = (
				AA9764711DB5CE8300EDE779 /* SchoolDay */,
			);
		};
/* End PBXProject section */

/* Begin PBXResourcesBuildPhase section */
		AA9764701DB5CE8300EDE779 /* Resources */ = {
			isa = PBXResourcesBuildPhase;
			buildActionMask = 2147483647;
			files = (
				AA9764801DB5CE8400EDE779 /* LaunchScreen.storyboard in Resources */,
				AA5A0D9A1DB877CC00D42A87 /* rotation.json in Resources */,
				AA97647D1DB5CE8300EDE779 /* Assets.xcassets in Resources */,
				AA97647B1DB5CE8300EDE779 /* Main.storyboard in Resources */,
			);
			runOnlyForDeploymentPostprocessing = 0;
		};
/* End PBXResourcesBuildPhase section */

/* Begin PBXSourcesBuildPhase section */
		AA97646E1DB5CE8300EDE779 /* Sources */ = {
			isa = PBXSourcesBuildPhase;
			buildActionMask = 2147483647;
			files = (
				AA9764781DB5CE8300EDE779 /* ViewController.swift in Sources */,
				AA9764901DB5CEC400EDE779 /* UPCarouselFlowLayout.swift in Sources */,
				AA9764761DB5CE8300EDE779 /* AppDelegate.swift in Sources */,
				AA9964571DB5DE2600816855 /* ClassTableViewCell.swift in Sources */,
				AA9764881DB5CEA100EDE779 /* Cal.swift in Sources */,
				AA9964591DB5E15200816855 /* DateCollectionViewCell.swift in Sources */,
			);
			runOnlyForDeploymentPostprocessing = 0;
		};
/* End PBXSourcesBuildPhase section */

/* Begin PBXVariantGroup section */
		AA9764791DB5CE8300EDE779 /* Main.storyboard */ = {
			isa = PBXVariantGroup;
			children = (
				AA97647A1DB5CE8300EDE779 /* Base */,
			);
			name = Main.storyboard;
			sourceTree = "<group>";
		};
		AA97647E1DB5CE8400EDE779 /* LaunchScreen.storyboard */ = {
			isa = PBXVariantGroup;
			children = (
				AA97647F1DB5CE8400EDE779 /* Base */,
			);
			name = LaunchScreen.storyboard;
			sourceTree = "<group>";
		};
/* End PBXVariantGroup section */

/* Begin XCBuildConfiguration section */
		AA9764821DB5CE8400EDE779 /* Debug */ = {
			isa = XCBuildConfiguration;
			buildSettings = {
				ALWAYS_SEARCH_USER_PATHS = NO;
				CLANG_ANALYZER_NONNULL = YES;
				CLANG_CXX_LANGUAGE_STANDARD = "gnu++0x";
				CLANG_CXX_LIBRARY = "libc++";
				CLANG_ENABLE_MODULES = YES;
				CLANG_ENABLE_OBJC_ARC = YES;
				CLANG_WARN_BOOL_CONVERSION = YES;
				CLANG_WARN_CONSTANT_CONVERSION = YES;
				CLANG_WARN_DIRECT_OBJC_ISA_USAGE = YES_ERROR;
				CLANG_WARN_DOCUMENTATION_COMMENTS = YES;
				CLANG_WARN_EMPTY_BODY = YES;
				CLANG_WARN_ENUM_CONVERSION = YES;
				CLANG_WARN_INFINITE_RECURSION = YES;
				CLANG_WARN_INT_CONVERSION = YES;
				CLANG_WARN_OBJC_ROOT_CLASS = YES_ERROR;
				CLANG_WARN_SUSPICIOUS_MOVES = YES;
				CLANG_WARN_UNREACHABLE_CODE = YES;
				CLANG_WARN__DUPLICATE_METHOD_MATCH = YES;
				"CODE_SIGN_IDENTITY[sdk=iphoneos*]" = "iPhone Developer";
				COPY_PHASE_STRIP = NO;
				DEBUG_INFORMATION_FORMAT = dwarf;
				ENABLE_STRICT_OBJC_MSGSEND = YES;
				ENABLE_TESTABILITY = YES;
				GCC_C_LANGUAGE_STANDARD = gnu99;
				GCC_DYNAMIC_NO_PIC = NO;
				GCC_NO_COMMON_BLOCKS = YES;
				GCC_OPTIMIZATION_LEVEL = 0;
				GCC_PREPROCESSOR_DEFINITIONS = (
					"DEBUG=1",
					"$(inherited)",
				);
				GCC_WARN_64_TO_32_BIT_CONVERSION = YES;
				GCC_WARN_ABOUT_RETURN_TYPE = YES_ERROR;
				GCC_WARN_UNDECLARED_SELECTOR = YES;
				GCC_WARN_UNINITIALIZED_AUTOS = YES_AGGRESSIVE;
				GCC_WARN_UNUSED_FUNCTION = YES;
				GCC_WARN_UNUSED_VARIABLE = YES;
				IPHONEOS_DEPLOYMENT_TARGET = 10.0;
				MTL_ENABLE_DEBUG_INFO = YES;
				ONLY_ACTIVE_ARCH = YES;
				SDKROOT = iphoneos;
				SWIFT_ACTIVE_COMPILATION_CONDITIONS = DEBUG;
				SWIFT_OPTIMIZATION_LEVEL = "-Onone";
				TARGETED_DEVICE_FAMILY = "1,2";
			};
			name = Debug;
		};
		AA9764831DB5CE8400EDE779 /* Release */ = {
			isa = XCBuildConfiguration;
			buildSettings = {
				ALWAYS_SEARCH_USER_PATHS = NO;
				CLANG_ANALYZER_NONNULL = YES;
				CLANG_CXX_LANGUAGE_STANDARD = "gnu++0x";
				CLANG_CXX_LIBRARY = "libc++";
				CLANG_ENABLE_MODULES = YES;
				CLANG_ENABLE_OBJC_ARC = YES;
				CLANG_WARN_BOOL_CONVERSION = YES;
				CLANG_WARN_CONSTANT_CONVERSION = YES;
				CLANG_WARN_DIRECT_OBJC_ISA_USAGE = YES_ERROR;
				CLANG_WARN_DOCUMENTATION_COMMENTS = YES;
				CLANG_WARN_EMPTY_BODY = YES;
				CLANG_WARN_ENUM_CONVERSION = YES;
				CLANG_WARN_INFINITE_RECURSION = YES;
				CLANG_WARN_INT_CONVERSION = YES;
				CLANG_WARN_OBJC_ROOT_CLASS = YES_ERROR;
				CLANG_WARN_SUSPICIOUS_MOVES = YES;
				CLANG_WARN_UNREACHABLE_CODE = YES;
				CLANG_WARN__DUPLICATE_METHOD_MATCH = YES;
				"CODE_SIGN_IDENTITY[sdk=iphoneos*]" = "iPhone Developer";
				COPY_PHASE_STRIP = NO;
				DEBUG_INFORMATION_FORMAT = "dwarf-with-dsym";
				ENABLE_NS_ASSERTIONS = NO;
				ENABLE_STRICT_OBJC_MSGSEND = YES;
				GCC_C_LANGUAGE_STANDARD = gnu99;
				GCC_NO_COMMON_BLOCKS = YES;
				GCC_WARN_64_TO_32_BIT_CONVERSION = YES;
				GCC_WARN_ABOUT_RETURN_TYPE = YES_ERROR;
				GCC_WARN_UNDECLARED_SELECTOR = YES;
				GCC_WARN_UNINITIALIZED_AUTOS = YES_AGGRESSIVE;
				GCC_WARN_UNUSED_FUNCTION = YES;
				GCC_WARN_UNUSED_VARIABLE = YES;
				IPHONEOS_DEPLOYMENT_TARGET = 10.0;
				MTL_ENABLE_DEBUG_INFO = NO;
				SDKROOT = iphoneos;
				SWIFT_OPTIMIZATION_LEVEL = "-Owholemodule";
				TARGETED_DEVICE_FAMILY = "1,2";
				VALIDATE_PRODUCT = YES;
			};
			name = Release;
		};
		AA9764851DB5CE8400EDE779 /* Debug */ = {
			isa = XCBuildConfiguration;
			buildSettings = {
				ASSETCATALOG_COMPILER_APPICON_NAME = AppIcon;
				DEVELOPMENT_TEAM = 79C5VW8992;
				INFOPLIST_FILE = SchoolDay/Info.plist;
				LD_RUNPATH_SEARCH_PATHS = "$(inherited) @executable_path/Frameworks";
				PRODUCT_BUNDLE_IDENTIFIER = net.bigfrog.SchoolDay;
				PRODUCT_NAME = "$(TARGET_NAME)";
				SWIFT_VERSION = 3.0;
			};
			name = Debug;
		};
		AA9764861DB5CE8400EDE779 /* Release */ = {
			isa = XCBuildConfiguration;
			buildSettings = {
				ASSETCATALOG_COMPILER_APPICON_NAME = AppIcon;
				DEVELOPMENT_TEAM = 79C5VW8992;
				INFOPLIST_FILE = SchoolDay/Info.plist;
				LD_RUNPATH_SEARCH_PATHS = "$(inherited) @executable_path/Frameworks";
				PRODUCT_BUNDLE_IDENTIFIER = net.bigfrog.SchoolDay;
				PRODUCT_NAME = "$(TARGET_NAME)";
				SWIFT_VERSION = 3.0;
			};
			name = Release;
		};
/* End XCBuildConfiguration section */

/* Begin XCConfigurationList section */
		AA97646D1DB5CE8300EDE779 /* Build configuration list for PBXProject "SchoolDay" */ = {
			isa = XCConfigurationList;
			buildConfigurations = (
				AA9764821DB5CE8400EDE779 /* Debug */,
				AA9764831DB5CE8400EDE779 /* Release */,
			);
			defaultConfigurationIsVisible = 0;
			defaultConfigurationName = Release;
		};
		AA9764841DB5CE8400EDE779 /* Build configuration list for PBXNativeTarget "SchoolDay" */ = {
			isa = XCConfigurationList;
			buildConfigurations = (
				AA9764851DB5CE8400EDE779 /* Debug */,
				AA9764861DB5CE8400EDE779 /* Release */,
			);
			defaultConfigurationIsVisible = 0;
			defaultConfigurationName = Release;
		};
/* End XCConfigurationList section */
	};
	rootObject = AA97646A1DB5CE8300EDE779 /* Project object */;
}
